// !$*UTF8*$!
{
	archiveVersion = 1;
	classes = {
	};
	objectVersion = 46;
	objects = {

/* Begin PBXBuildFile section */
		52E42A6F1BA9C5D700F50DE4 /* AppDelegate.swift in Sources */ = {isa = PBXBuildFile; fileRef = 52E42A6E1BA9C5D700F50DE4 /* AppDelegate.swift */; };
		52E42A711BA9C5D700F50DE4 /* ViewController.swift in Sources */ = {isa = PBXBuildFile; fileRef = 52E42A701BA9C5D700F50DE4 /* ViewController.swift */; };
		52E42A741BA9C5D700F50DE4 /* Main.storyboard in Resources */ = {isa = PBXBuildFile; fileRef = 52E42A721BA9C5D700F50DE4 /* Main.storyboard */; };
		52E42A761BA9C5D700F50DE4 /* Assets.xcassets in Resources */ = {isa = PBXBuildFile; fileRef = 52E42A751BA9C5D700F50DE4 /* Assets.xcassets */; };
		52E42A791BA9C5D700F50DE4 /* LaunchScreen.storyboard in Resources */ = {isa = PBXBuildFile; fileRef = 52E42A771BA9C5D700F50DE4 /* LaunchScreen.storyboard */; };
		52E42A841BA9C5D700F50DE4 /* UITestingALabelUITests.swift in Sources */ = {isa = PBXBuildFile; fileRef = 52E42A831BA9C5D700F50DE4 /* UITestingALabelUITests.swift */; };
/* End PBXBuildFile section */

/* Begin PBXContainerItemProxy section */
		52E42A801BA9C5D700F50DE4 /* PBXContainerItemProxy */ = {
			isa = PBXContainerItemProxy;
			containerPortal = 52E42A631BA9C5D700F50DE4 /* Project object */;
			proxyType = 1;
			remoteGlobalIDString = 52E42A6A1BA9C5D700F50DE4;
			remoteInfo = UITestingALabel;
		};
/* End PBXContainerItemProxy section */

/* Begin PBXFileReference section */
		52E42A6B1BA9C5D700F50DE4 /* UITestingALabel.app */ = {isa = PBXFileReference; explicitFileType = wrapper.application; includeInIndex = 0; path = UITestingALabel.app; sourceTree = BUILT_PRODUCTS_DIR; };
		52E42A6E1BA9C5D700F50DE4 /* AppDelegate.swift */ = {isa = PBXFileReference; lastKnownFileType = sourcecode.swift; path = AppDelegate.swift; sourceTree = "<group>"; };
		52E42A701BA9C5D700F50DE4 /* ViewController.swift */ = {isa = PBXFileReference; lastKnownFileType = sourcecode.swift; path = ViewController.swift; sourceTree = "<group>"; };
		52E42A731BA9C5D700F50DE4 /* Base */ = {isa = PBXFileReference; lastKnownFileType = file.storyboard; name = Base; path = Base.lproj/Main.storyboard; sourceTree = "<group>"; };
		52E42A751BA9C5D700F50DE4 /* Assets.xcassets */ = {isa = PBXFileReference; lastKnownFileType = folder.assetcatalog; path = Assets.xcassets; sourceTree = "<group>"; };
		52E42A781BA9C5D700F50DE4 /* Base */ = {isa = PBXFileReference; lastKnownFileType = file.storyboard; name = Base; path = Base.lproj/LaunchScreen.storyboard; sourceTree = "<group>"; };
		52E42A7A1BA9C5D700F50DE4 /* Info.plist */ = {isa = PBXFileReference; lastKnownFileType = text.plist.xml; path = Info.plist; sourceTree = "<group>"; };
		52E42A7F1BA9C5D700F50DE4 /* UITestingALabelUITests.xctest */ = {isa = PBXFileReference; explicitFileType = wrapper.cfbundle; includeInIndex = 0; path = UITestingALabelUITests.xctest; sourceTree = BUILT_PRODUCTS_DIR; };
		52E42A831BA9C5D700F50DE4 /* UITestingALabelUITests.swift */ = {isa = PBXFileReference; lastKnownFileType = sourcecode.swift; path = UITestingALabelUITests.swift; sourceTree = "<group>"; };
		52E42A851BA9C5D700F50DE4 /* Info.plist */ = {isa = PBXFileReference; lastKnownFileType = text.plist.xml; path = Info.plist; sourceTree = "<group>"; };
/* End PBXFileReference section */

/* Begin PBXFrameworksBuildPhase section */
		52E42A681BA9C5D700F50DE4 /* Frameworks */ = {
			isa = PBXFrameworksBuildPhase;
			buildActionMask = 2147483647;
			files = (
			);
			runOnlyForDeploymentPostprocessing = 0;
		};
		52E42A7C1BA9C5D700F50DE4 /* Frameworks */ = {
			isa = PBXFrameworksBuildPhase;
			buildActionMask = 2147483647;
			files = (
			);
			runOnlyForDeploymentPostprocessing = 0;
		};
/* End PBXFrameworksBuildPhase section */

/* Begin PBXGroup section */
		52E42A621BA9C5D700F50DE4 = {
			isa = PBXGroup;
			children = (
				52E42A6D1BA9C5D700F50DE4 /* UITestingALabel */,
				52E42A821BA9C5D700F50DE4 /* UITestingALabelUITests */,
				52E42A6C1BA9C5D700F50DE4 /* Products */,
			);
			sourceTree = "<group>";
		};
		52E42A6C1BA9C5D700F50DE4 /* Products */ = {
			isa = PBXGroup;
			children = (
				52E42A6B1BA9C5D700F50DE4 /* UITestingALabel.app */,
				52E42A7F1BA9C5D700F50DE4 /* UITestingALabelUITests.xctest */,
			);
			name = Products;
			sourceTree = "<group>";
		};
		52E42A6D1BA9C5D700F50DE4 /* UITestingALabel */ = {
			isa = PBXGroup;
			children = (
				52E42A6E1BA9C5D700F50DE4 /* AppDelegate.swift */,
				52E42A701BA9C5D700F50DE4 /* ViewController.swift */,
				52E42A721BA9C5D700F50DE4 /* Main.storyboard */,
				52E42A751BA9C5D700F50DE4 /* Assets.xcassets */,
				52E42A771BA9C5D700F50DE4 /* LaunchScreen.storyboard */,
				52E42A7A1BA9C5D700F50DE4 /* Info.plist */,
			);
			path = UITestingALabel;
			sourceTree = "<group>";
		};
		52E42A821BA9C5D700F50DE4 /* UITestingALabelUITests */ = {
			isa = PBXGroup;
			children = (
				52E42A831BA9C5D700F50DE4 /* UITestingALabelUITests.swift */,
				52E42A851BA9C5D700F50DE4 /* Info.plist */,
			);
			path = UITestingALabelUITests;
			sourceTree = "<group>";
		};
/* End PBXGroup section */

/* Begin PBXNativeTarget section */
		52E42A6A1BA9C5D700F50DE4 /* UITestingALabel */ = {
			isa = PBXNativeTarget;
			buildConfigurationList = 52E42A881BA9C5D700F50DE4 /* Build configuration list for PBXNativeTarget "UITestingALabel" */;
			buildPhases = (
				52E42A671BA9C5D700F50DE4 /* Sources */,
				52E42A681BA9C5D700F50DE4 /* Frameworks */,
				52E42A691BA9C5D700F50DE4 /* Resources */,
			);
			buildRules = (
			);
			dependencies = (
			);
			name = UITestingALabel;
			productName = UITestingALabel;
			productReference = 52E42A6B1BA9C5D700F50DE4 /* UITestingALabel.app */;
			productType = "com.apple.product-type.application";
		};
		52E42A7E1BA9C5D700F50DE4 /* UITestingALabelUITests */ = {
			isa = PBXNativeTarget;
			buildConfigurationList = 52E42A8B1BA9C5D700F50DE4 /* Build configuration list for PBXNativeTarget "UITestingALabelUITests" */;
			buildPhases = (
				52E42A7B1BA9C5D700F50DE4 /* Sources */,
				52E42A7C1BA9C5D700F50DE4 /* Frameworks */,
				52E42A7D1BA9C5D700F50DE4 /* Resources */,
			);
			buildRules = (
			);
			dependencies = (
				52E42A811BA9C5D700F50DE4 /* PBXTargetDependency */,
			);
			name = UITestingALabelUITests;
			productName = UITestingALabelUITests;
			productReference = 52E42A7F1BA9C5D700F50DE4 /* UITestingALabelUITests.xctest */;
			productType = "com.apple.product-type.bundle.ui-testing";
		};
/* End PBXNativeTarget section */

/* Begin PBXProject section */
		52E42A631BA9C5D700F50DE4 /* Project object */ = {
			isa = PBXProject;
			attributes = {
				LastUpgradeCheck = 0700;
				ORGANIZATIONNAME = johnregner;
				TargetAttributes = {
					52E42A6A1BA9C5D700F50DE4 = {
						CreatedOnToolsVersion = 7.0;
					};
					52E42A7E1BA9C5D700F50DE4 = {
						CreatedOnToolsVersion = 7.0;
						TestTargetID = 52E42A6A1BA9C5D700F50DE4;
					};
				};
			};
			buildConfigurationList = 52E42A661BA9C5D700F50DE4 /* Build configuration list for PBXProject "UITestingALabel" */;
			compatibilityVersion = "Xcode 3.2";
			developmentRegion = English;
			hasScannedForEncodings = 0;
			knownRegions = (
				en,
				Base,
			);
			mainGroup = 52E42A621BA9C5D700F50DE4;
			productRefGroup = 52E42A6C1BA9C5D700F50DE4 /* Products */;
			projectDirPath = "";
			projectRoot = "";
			targets = (
				52E42A6A1BA9C5D700F50DE4 /* UITestingALabel */,
				52E42A7E1BA9C5D700F50DE4 /* UITestingALabelUITests */,
			);
		};
/* End PBXProject section */

/* Begin PBXResourcesBuildPhase section */
		52E42A691BA9C5D700F50DE4 /* Resources */ = {
			isa = PBXResourcesBuildPhase;
			buildActionMask = 2147483647;
			files = (
				52E42A791BA9C5D700F50DE4 /* LaunchScreen.storyboard in Resources */,
				52E42A761BA9C5D700F50DE4 /* Assets.xcassets in Resources */,
				52E42A741BA9C5D700F50DE4 /* Main.storyboard in Resources */,
			);
			runOnlyForDeploymentPostprocessing = 0;
		};
		52E42A7D1BA9C5D700F50DE4 /* Resources */ = {
			isa = PBXResourcesBuildPhase;
			buildActionMask = 2147483647;
			files = (
			);
			runOnlyForDeploymentPostprocessing = 0;
		};
/* End PBXResourcesBuildPhase section */

/* Begin PBXSourcesBuildPhase section */
		52E42A671BA9C5D700F50DE4 /* Sources */ = {
			isa = PBXSourcesBuildPhase;
			buildActionMask = 2147483647;
			files = (
				52E42A711BA9C5D700F50DE4 /* ViewController.swift in Sources */,
				52E42A6F1BA9C5D700F50DE4 /* AppDelegate.swift in Sources */,
			);
			runOnlyForDeploymentPostprocessing = 0;
		};
		52E42A7B1BA9C5D700F50DE4 /* Sources */ = {
			isa = PBXSourcesBuildPhase;
			buildActionMask = 2147483647;
			files = (
				52E42A841BA9C5D700F50DE4 /* UITestingALabelUITests.swift in Sources */,
			);
			runOnlyForDeploymentPostprocessing = 0;
		};
/* End PBXSourcesBuildPhase section */

/* Begin PBXTargetDependency section */
		52E42A811BA9C5D700F50DE4 /* PBXTargetDependency */ = {
			isa = PBXTargetDependency;
			target = 52E42A6A1BA9C5D700F50DE4 /* UITestingALabel */;
			targetProxy = 52E42A801BA9C5D700F50DE4 /* PBXContainerItemProxy */;
		};
/* End PBXTargetDependency section */

/* Begin PBXVariantGroup section */
		52E42A721BA9C5D700F50DE4 /* Main.storyboard */ = {
			isa = PBXVariantGroup;
			children = (
				52E42A731BA9C5D700F50DE4 /* Base */,
			);
			name = Main.storyboard;
			sourceTree = "<group>";
		};
		52E42A771BA9C5D700F50DE4 /* LaunchScreen.storyboard */ = {
			isa = PBXVariantGroup;
			children = (
				52E42A781BA9C5D700F50DE4 /* Base */,
			);
			name = LaunchScreen.storyboard;
			sourceTree = "<group>";
		};
/* End PBXVariantGroup section */

/* Begin XCBuildConfiguration section */
		52E42A861BA9C5D700F50DE4 /* Debug */ = {
			isa = XCBuildConfiguration;
			buildSettings = {
				ALWAYS_SEARCH_USER_PATHS = NO;
				CLANG_CXX_LANGUAGE_STANDARD = "gnu++0x";
				CLANG_CXX_LIBRARY = "libc++";
				CLANG_ENABLE_MODULES = YES;
				CLANG_ENABLE_OBJC_ARC = YES;
				CLANG_WARN_BOOL_CONVERSION = YES;
				CLANG_WARN_CONSTANT_CONVERSION = YES;
				CLANG_WARN_DIRECT_OBJC_ISA_USAGE = YES_ERROR;
				CLANG_WARN_EMPTY_BODY = YES;
				CLANG_WARN_ENUM_CONVERSION = YES;
				CLANG_WARN_INT_CONVERSION = YES;
				CLANG_WARN_OBJC_ROOT_CLASS = YES_ERROR;
				CLANG_WARN_UNREACHABLE_CODE = YES;
				CLANG_WARN__DUPLICATE_METHOD_MATCH = YES;
				"CODE_SIGN_IDENTITY[sdk=iphoneos*]" = "iPhone Developer";
				COPY_PHASE_STRIP = NO;
				DEBUG_INFORMATION_FORMAT = dwarf;
				ENABLE_STRICT_OBJC_MSGSEND = YES;
				ENABLE_TESTABILITY = YES;
				GCC_C_LANGUAGE_STANDARD = gnu99;
				GCC_DYNAMIC_NO_PIC = NO;
				GCC_NO_COMMON_BLOCKS = YES;
				GCC_OPTIMIZATION_LEVEL = 0;
				GCC_PREPROCESSOR_DEFINITIONS = (
					"DEBUG=1",
					"$(inherited)",
				);
				GCC_WARN_64_TO_32_BIT_CONVERSION = YES;
				GCC_WARN_ABOUT_RETURN_TYPE = YES_ERROR;
				GCC_WARN_UNDECLARED_SELECTOR = YES;
				GCC_WARN_UNINITIALIZED_AUTOS = YES_AGGRESSIVE;
				GCC_WARN_UNUSED_FUNCTION = YES;
				GCC_WARN_UNUSED_VARIABLE = YES;
				IPHONEOS_DEPLOYMENT_TARGET = 9.0;
				MTL_ENABLE_DEBUG_INFO = YES;
				ONLY_ACTIVE_ARCH = YES;
				SDKROOT = iphoneos;
				SWIFT_OPTIMIZATION_LEVEL = "-Onone";
				TARGETED_DEVICE_FAMILY = "1,2";
			};
			name = Debug;
		};
		52E42A871BA9C5D700F50DE4 /* Release */ = {
			isa = XCBuildConfiguration;
			buildSettings = {
				ALWAYS_SEARCH_USER_PATHS = NO;
				CLANG_CXX_LANGUAGE_STANDARD = "gnu++0x";
				CLANG_CXX_LIBRARY = "libc++";
				CLANG_ENABLE_MODULES = YES;
				CLANG_ENABLE_OBJC_ARC = YES;
				CLANG_WARN_BOOL_CONVERSION = YES;
				CLANG_WARN_CONSTANT_CONVERSION = YES;
				CLANG_WARN_DIRECT_OBJC_ISA_USAGE = YES_ERROR;
				CLANG_WARN_EMPTY_BODY = YES;
				CLANG_WARN_ENUM_CONVERSION = YES;
				CLANG_WARN_INT_CONVERSION = YES;
				CLANG_WARN_OBJC_ROOT_CLASS = YES_ERROR;
				CLANG_WARN_UNREACHABLE_CODE = YES;
				CLANG_WARN__DUPLICATE_METHOD_MATCH = YES;
				"CODE_SIGN_IDENTITY[sdk=iphoneos*]" = "iPhone Developer";
				COPY_PHASE_STRIP = NO;
				DEBUG_INFORMATION_FORMAT = "dwarf-with-dsym";
				ENABLE_NS_ASSERTIONS = NO;
				ENABLE_STRICT_OBJC_MSGSEND = YES;
				GCC_C_LANGUAGE_STANDARD = gnu99;
				GCC_NO_COMMON_BLOCKS = YES;
				GCC_WARN_64_TO_32_BIT_CONVERSION = YES;
				GCC_WARN_ABOUT_RETURN_TYPE = YES_ERROR;
				GCC_WARN_UNDECLARED_SELECTOR = YES;
				GCC_WARN_UNINITIALIZED_AUTOS = YES_AGGRESSIVE;
				GCC_WARN_UNUSED_FUNCTION = YES;
				GCC_WARN_UNUSED_VARIABLE = YES;
				IPHONEOS_DEPLOYMENT_TARGET = 9.0;
				MTL_ENABLE_DEBUG_INFO = NO;
				SDKROOT = iphoneos;
				TARGETED_DEVICE_FAMILY = "1,2";
				VALIDATE_PRODUCT = YES;
			};
			name = Release;
		};
		52E42A891BA9C5D700F50DE4 /* Debug */ = {
			isa = XCBuildConfiguration;
			buildSettings = {
				ASSETCATALOG_COMPILER_APPICON_NAME = AppIcon;
				INFOPLIST_FILE = UITestingALabel/Info.plist;
				LD_RUNPATH_SEARCH_PATHS = "$(inherited) @executable_path/Frameworks";
				PRODUCT_BUNDLE_IDENTIFIER = com.johnregner.UITestingALabel;
				PRODUCT_NAME = "$(TARGET_NAME)";
			};
			name = Debug;
		};
		52E42A8A1BA9C5D700F50DE4 /* Release */ = {
			isa = XCBuildConfiguration;
			buildSettings = {
				ASSETCATALOG_COMPILER_APPICON_NAME = AppIcon;
				INFOPLIST_FILE = UITestingALabel/Info.plist;
				LD_RUNPATH_SEARCH_PATHS = "$(inherited) @executable_path/Frameworks";
				PRODUCT_BUNDLE_IDENTIFIER = com.johnregner.UITestingALabel;
				PRODUCT_NAME = "$(TARGET_NAME)";
			};
			name = Release;
		};
		52E42A8C1BA9C5D700F50DE4 /* Debug */ = {
			isa = XCBuildConfiguration;
			buildSettings = {
				INFOPLIST_FILE = UITestingALabelUITests/Info.plist;
				LD_RUNPATH_SEARCH_PATHS = "$(inherited) @executable_path/Frameworks @loader_path/Frameworks";
				"OTHER_SWIFT_FLAGS[arch=*]" = "-D DEBUG";
				PRODUCT_BUNDLE_IDENTIFIER = com.johnregner.UITestingALabelUITests;
				PRODUCT_NAME = "$(TARGET_NAME)";
				TEST_TARGET_NAME = UITestingALabel;
				USES_XCTRUNNER = YES;
			};
			name = Debug;
		};
		52E42A8D1BA9C5D700F50DE4 /* Release */ = {
			isa = XCBuildConfiguration;
			buildSettings = {
				INFOPLIST_FILE = UITestingALabelUITests/Info.plist;
				LD_RUNPATH_SEARCH_PATHS = "$(inherited) @executable_path/Frameworks @loader_path/Frameworks";
				"OTHER_SWIFT_FLAGS[arch=*]" = "";
				PRODUCT_BUNDLE_IDENTIFIER = com.johnregner.UITestingALabelUITests;
				PRODUCT_NAME = "$(TARGET_NAME)";
				TEST_TARGET_NAME = UITestingALabel;
				USES_XCTRUNNER = YES;
			};
			name = Release;
		};
/* End XCBuildConfiguration section */

/* Begin XCConfigurationList section */
		52E42A661BA9C5D700F50DE4 /* Build configuration list for PBXProject "UITestingALabel" */ = {
			isa = XCConfigurationList;
			buildConfigurations = (
				52E42A861BA9C5D700F50DE4 /* Debug */,
				52E42A871BA9C5D700F50DE4 /* Release */,
			);
			defaultConfigurationIsVisible = 0;
			defaultConfigurationName = Release;
		};
		52E42A881BA9C5D700F50DE4 /* Build configuration list for PBXNativeTarget "UITestingALabel" */ = {
			isa = XCConfigurationList;
			buildConfigurations = (
				52E42A891BA9C5D700F50DE4 /* Debug */,
				52E42A8A1BA9C5D700F50DE4 /* Release */,
			);
			defaultConfigurationIsVisible = 0;
		};
		52E42A8B1BA9C5D700F50DE4 /* Build configuration list for PBXNativeTarget "UITestingALabelUITests" */ = {
			isa = XCConfigurationList;
			buildConfigurations = (
				52E42A8C1BA9C5D700F50DE4 /* Debug */,
				52E42A8D1BA9C5D700F50DE4 /* Release */,
			);
			defaultConfigurationIsVisible = 0;
		};
/* End XCConfigurationList section */
	};
	rootObject = 52E42A631BA9C5D700F50DE4 /* Project object */;
}
